
Microsoft Visual Studio Solution File, Format Version 12.00
# Visual Studio 2013
VisualStudioVersion = 12.0.30110.0
MinimumVisualStudioVersion = 10.0.40219.1
Project("{FAE04EC0-301F-11D3-BF4B-00C04F79EFBC}") = "WpfServer", "WpfServer\WpfServer.csproj", "{D46B3B19-D9CE-4ECF-9D50-44A1BCA3F6B2}"
EndProject
Project("{FAE04EC0-301F-11D3-BF4B-00C04F79EFBC}") = "SilverlightClient", "SilverlightClient\SilverlightClient.csproj", "{B01BC19A-CC1F-424E-8256-784B10CE5813}"
EndProject
Project("{FAE04EC0-301F-11D3-BF4B-00C04F79EFBC}") = "SilverlightClient.Web", "SilverlightClient.Web\SilverlightClient.Web.csproj", "{2CE22F3A-EC5E-4BFC-AD0D-DF18502D041C}"
EndProject
Project("{FAE04EC0-301F-11D3-BF4B-00C04F79EFBC}") = "WpfClient", "WpfClient\WpfClient.csproj", "{4280F1F9-7B3F-4EFC-8A58-B0680DBFFC2F}"
EndProject
Global
	GlobalSection(SolutionConfigurationPlatforms) = preSolution
		Debug|Any CPU = Debug|Any CPU
		Release|Any CPU = Release|Any CPU
	EndGlobalSection
	GlobalSection(ProjectConfigurationPlatforms) = postSolution
		{D46B3B19-D9CE-4ECF-9D50-44A1BCA3F6B2}.Debug|Any CPU.ActiveCfg = Debug|Any CPU
		{D46B3B19-D9CE-4ECF-9D50-44A1BCA3F6B2}.Debug|Any CPU.Build.0 = Debug|Any CPU
		{D46B3B19-D9CE-4ECF-9D50-44A1BCA3F6B2}.Release|Any CPU.ActiveCfg = Release|Any CPU
		{D46B3B19-D9CE-4ECF-9D50-44A1BCA3F6B2}.Release|Any CPU.Build.0 = Release|Any CPU
		{B01BC19A-CC1F-424E-8256-784B10CE5813}.Debug|Any CPU.ActiveCfg = Debug|Any CPU
		{B01BC19A-CC1F-424E-8256-784B10CE5813}.Debug|Any CPU.Build.0 = Debug|Any CPU
		{B01BC19A-CC1F-424E-8256-784B10CE5813}.Release|Any CPU.ActiveCfg = Release|Any CPU
		{B01BC19A-CC1F-424E-8256-784B10CE5813}.Release|Any CPU.Build.0 = Release|Any CPU
		{2CE22F3A-EC5E-4BFC-AD0D-DF18502D041C}.Debug|Any CPU.ActiveCfg = Debug|Any CPU
		{2CE22F3A-EC5E-4BFC-AD0D-DF18502D041C}.Debug|Any CPU.Build.0 = Debug|Any CPU
		{2CE22F3A-EC5E-4BFC-AD0D-DF18502D041C}.Release|Any CPU.ActiveCfg = Release|Any CPU
		{2CE22F3A-EC5E-4BFC-AD0D-DF18502D041C}.Release|Any CPU.Build.0 = Release|Any CPU
		{4280F1F9-7B3F-4EFC-8A58-B0680DBFFC2F}.Debug|Any CPU.ActiveCfg = Debug|Any CPU
		{4280F1F9-7B3F-4EFC-8A58-B0680DBFFC2F}.Debug|Any CPU.Build.0 = Debug|Any CPU
		{4280F1F9-7B3F-4EFC-8A58-B0680DBFFC2F}.Release|Any CPU.ActiveCfg = Release|Any CPU
		{4280F1F9-7B3F-4EFC-8A58-B0680DBFFC2F}.Release|Any CPU.Build.0 = Release|Any CPU
	EndGlobalSection
	GlobalSection(SolutionProperties) = preSolution
		HideSolutionNode = FALSE
	EndGlobalSection
EndGlobal
