
Microsoft Visual Studio Solution File, Format Version 12.00
# Visual Studio 2013
VisualStudioVersion = 12.0.21005.1
MinimumVisualStudioVersion = 10.0.40219.1
Project("{FAE04EC0-301F-11D3-BF4B-00C04F79EFBC}") = "WpfServer", "WpfServer\WpfServer.csproj", "{D46B3B19-D9CE-4ECF-9D50-44A1BCA3F6B2}"
EndProject
Project("{FAE04EC0-301F-11D3-BF4B-00C04F79EFBC}") = "SilverlightClient", "SilverlightClient\SilverlightClient.csproj", "{B01BC19A-CC1F-424E-8256-784B10CE5813}"
EndProject
Project("{FAE04EC0-301F-11D3-BF4B-00C04F79EFBC}") = "SilverlightClient.Web", "SilverlightClient.Web\SilverlightClient.Web.csproj", "{2CE22F3A-EC5E-4BFC-AD0D-DF18502D041C}"
EndProject
Global
	GlobalSection(TeamFoundationVersionControl) = preSolution
		SccNumberOfProjects = 4
		SccEnterpriseProvider = {4CA58AB2-18FA-4F8D-95D4-32DDF27D184C}
		SccTeamFoundationServer = http://dellserver-pc:8080/tfs/netpem
		SccLocalPath0 = .
		SccProjectUniqueName1 = WpfServer\\WpfServer.csproj
		SccProjectName1 = WpfServer
		SccLocalPath1 = WpfServer
		SccProjectUniqueName2 = SilverlightClient\\SilverlightClient.csproj
		SccProjectName2 = SilverlightClient
		SccLocalPath2 = SilverlightClient
		SccProjectUniqueName3 = SilverlightClient.Web\\SilverlightClient.Web.csproj
		SccProjectName3 = SilverlightClient.Web
		SccLocalPath3 = SilverlightClient.Web
	EndGlobalSection
	GlobalSection(SolutionConfigurationPlatforms) = preSolution
		Debug|Any CPU = Debug|Any CPU
		Release|Any CPU = Release|Any CPU
	EndGlobalSection
	GlobalSection(ProjectConfigurationPlatforms) = postSolution
		{D46B3B19-D9CE-4ECF-9D50-44A1BCA3F6B2}.Debug|Any CPU.ActiveCfg = Debug|Any CPU
		{D46B3B19-D9CE-4ECF-9D50-44A1BCA3F6B2}.Debug|Any CPU.Build.0 = Debug|Any CPU
		{D46B3B19-D9CE-4ECF-9D50-44A1BCA3F6B2}.Release|Any CPU.ActiveCfg = Release|Any CPU
		{D46B3B19-D9CE-4ECF-9D50-44A1BCA3F6B2}.Release|Any CPU.Build.0 = Release|Any CPU
		{B01BC19A-CC1F-424E-8256-784B10CE5813}.Debug|Any CPU.ActiveCfg = Debug|Any CPU
		{B01BC19A-CC1F-424E-8256-784B10CE5813}.Debug|Any CPU.Build.0 = Debug|Any CPU
		{B01BC19A-CC1F-424E-8256-784B10CE5813}.Release|Any CPU.ActiveCfg = Release|Any CPU
		{B01BC19A-CC1F-424E-8256-784B10CE5813}.Release|Any CPU.Build.0 = Release|Any CPU
		{2CE22F3A-EC5E-4BFC-AD0D-DF18502D041C}.Debug|Any CPU.ActiveCfg = Debug|Any CPU
		{2CE22F3A-EC5E-4BFC-AD0D-DF18502D041C}.Debug|Any CPU.Build.0 = Debug|Any CPU
		{2CE22F3A-EC5E-4BFC-AD0D-DF18502D041C}.Release|Any CPU.ActiveCfg = Release|Any CPU
		{2CE22F3A-EC5E-4BFC-AD0D-DF18502D041C}.Release|Any CPU.Build.0 = Release|Any CPU
	EndGlobalSection
	GlobalSection(SolutionProperties) = preSolution
		HideSolutionNode = FALSE
	EndGlobalSection
EndGlobal
